
Microsoft Visual Studio Solution File, Format Version 12.00
# Visual Studio Version 16
VisualStudioVersion = 16.0.31105.61
MinimumVisualStudioVersion = 10.0.40219.1
Project("{FAE04EC0-301F-11D3-BF4B-00C04F79EFBC}") = "Cailus Text Editor", "Cailus Text Editor.csproj", "{3CA12CB0-CA25-4E82-824E-47320D9F9052}"
EndProject
Global
	GlobalSection(SolutionConfigurationPlatforms) = preSolution
		Debug|Any CPU = Debug|Any CPU
		Release|Any CPU = Release|Any CPU
	EndGlobalSection
	GlobalSection(ProjectConfigurationPlatforms) = postSolution
		{3CA12CB0-CA25-4E82-824E-47320D9F9052}.Debug|Any CPU.ActiveCfg = Debug|Any CPU
		{3CA12CB0-CA25-4E82-824E-47320D9F9052}.Debug|Any CPU.Build.0 = Debug|Any CPU
		{3CA12CB0-CA25-4E82-824E-47320D9F9052}.Release|Any CPU.ActiveCfg = Release|Any CPU
		{3CA12CB0-CA25-4E82-824E-47320D9F9052}.Release|Any CPU.Build.0 = Release|Any CPU
	EndGlobalSection
	GlobalSection(SolutionProperties) = preSolution
		HideSolutionNode = FALSE
	EndGlobalSection
	GlobalSection(ExtensibilityGlobals) = postSolution
		SolutionGuid = {45F5556E-4285-49EF-B676-1A11469B2E42}
	EndGlobalSection
EndGlobal
